// !$*UTF8*$!
{
	archiveVersion = 1;
	classes = {
	};
	objectVersion = 56;
	objects = {

/* Begin PBXBuildFile section */
		AB1552CA295B91C90084BC21 /* UnitTestingViewModel.swift in Sources */ = {isa = PBXBuildFile; fileRef = AB1552C9295B91C90084BC21 /* UnitTestingViewModel.swift */; };
		AB91A3CB295A3C2C006A4588 /* B2BrokerCryptoAssessmentApp.swift in Sources */ = {isa = PBXBuildFile; fileRef = AB91A3CA295A3C2C006A4588 /* B2BrokerCryptoAssessmentApp.swift */; };
		AB91A3CD295A3C2C006A4588 /* ContentView.swift in Sources */ = {isa = PBXBuildFile; fileRef = AB91A3CC295A3C2C006A4588 /* ContentView.swift */; };
		AB91A3CF295A3C2D006A4588 /* Assets.xcassets in Resources */ = {isa = PBXBuildFile; fileRef = AB91A3CE295A3C2D006A4588 /* Assets.xcassets */; };
		AB91A3D2295A3C2D006A4588 /* Preview Assets.xcassets in Resources */ = {isa = PBXBuildFile; fileRef = AB91A3D1295A3C2D006A4588 /* Preview Assets.xcassets */; };
		AB91A3DC295A3C2E006A4588 /* B2BrokerCryptoAssessmentTests.swift in Sources */ = {isa = PBXBuildFile; fileRef = AB91A3DB295A3C2E006A4588 /* B2BrokerCryptoAssessmentTests.swift */; };
		AB91A3E6295A3C2E006A4588 /* B2BrokerCryptoAssessmentUITests.swift in Sources */ = {isa = PBXBuildFile; fileRef = AB91A3E5295A3C2E006A4588 /* B2BrokerCryptoAssessmentUITests.swift */; };
		AB91A3E8295A3C2E006A4588 /* B2BrokerCryptoAssessmentUITestsLaunchTests.swift in Sources */ = {isa = PBXBuildFile; fileRef = AB91A3E7295A3C2E006A4588 /* B2BrokerCryptoAssessmentUITestsLaunchTests.swift */; };
		AB91A3F7295A3D49006A4588 /* CryptoService.swift in Sources */ = {isa = PBXBuildFile; fileRef = AB91A3F5295A3D49006A4588 /* CryptoService.swift */; };
		AB91A3F8295A3D49006A4588 /* CryptoHttpAgent.swift in Sources */ = {isa = PBXBuildFile; fileRef = AB91A3F6295A3D49006A4588 /* CryptoHttpAgent.swift */; };
		AB91A3FB295A3D85006A4588 /* CryptoModels.swift in Sources */ = {isa = PBXBuildFile; fileRef = AB91A3FA295A3D85006A4588 /* CryptoModels.swift */; };
/* End PBXBuildFile section */

/* Begin PBXContainerItemProxy section */
		AB91A3D8295A3C2D006A4588 /* PBXContainerItemProxy */ = {
			isa = PBXContainerItemProxy;
			containerPortal = AB91A3BF295A3C2C006A4588 /* Project object */;
			proxyType = 1;
			remoteGlobalIDString = AB91A3C6295A3C2C006A4588;
			remoteInfo = B2BrokerCryptoAssessment;
		};
		AB91A3E2295A3C2E006A4588 /* PBXContainerItemProxy */ = {
			isa = PBXContainerItemProxy;
			containerPortal = AB91A3BF295A3C2C006A4588 /* Project object */;
			proxyType = 1;
			remoteGlobalIDString = AB91A3C6295A3C2C006A4588;
			remoteInfo = B2BrokerCryptoAssessment;
		};
/* End PBXContainerItemProxy section */

/* Begin PBXFileReference section */
		AB1552C9295B91C90084BC21 /* UnitTestingViewModel.swift */ = {isa = PBXFileReference; lastKnownFileType = sourcecode.swift; path = UnitTestingViewModel.swift; sourceTree = "<group>"; };
		AB91A3C7295A3C2C006A4588 /* B2BrokerCryptoAssessment.app */ = {isa = PBXFileReference; explicitFileType = wrapper.application; includeInIndex = 0; path = B2BrokerCryptoAssessment.app; sourceTree = BUILT_PRODUCTS_DIR; };
		AB91A3CA295A3C2C006A4588 /* B2BrokerCryptoAssessmentApp.swift */ = {isa = PBXFileReference; lastKnownFileType = sourcecode.swift; path = B2BrokerCryptoAssessmentApp.swift; sourceTree = "<group>"; };
		AB91A3CC295A3C2C006A4588 /* ContentView.swift */ = {isa = PBXFileReference; lastKnownFileType = sourcecode.swift; path = ContentView.swift; sourceTree = "<group>"; };
		AB91A3CE295A3C2D006A4588 /* Assets.xcassets */ = {isa = PBXFileReference; lastKnownFileType = folder.assetcatalog; path = Assets.xcassets; sourceTree = "<group>"; };
		AB91A3D1295A3C2D006A4588 /* Preview Assets.xcassets */ = {isa = PBXFileReference; lastKnownFileType = folder.assetcatalog; path = "Preview Assets.xcassets"; sourceTree = "<group>"; };
		AB91A3D7295A3C2D006A4588 /* B2BrokerCryptoAssessmentTests.xctest */ = {isa = PBXFileReference; explicitFileType = wrapper.cfbundle; includeInIndex = 0; path = B2BrokerCryptoAssessmentTests.xctest; sourceTree = BUILT_PRODUCTS_DIR; };
		AB91A3DB295A3C2E006A4588 /* B2BrokerCryptoAssessmentTests.swift */ = {isa = PBXFileReference; lastKnownFileType = sourcecode.swift; path = B2BrokerCryptoAssessmentTests.swift; sourceTree = "<group>"; };
		AB91A3E1295A3C2E006A4588 /* B2BrokerCryptoAssessmentUITests.xctest */ = {isa = PBXFileReference; explicitFileType = wrapper.cfbundle; includeInIndex = 0; path = B2BrokerCryptoAssessmentUITests.xctest; sourceTree = BUILT_PRODUCTS_DIR; };
		AB91A3E5295A3C2E006A4588 /* B2BrokerCryptoAssessmentUITests.swift */ = {isa = PBXFileReference; lastKnownFileType = sourcecode.swift; path = B2BrokerCryptoAssessmentUITests.swift; sourceTree = "<group>"; };
		AB91A3E7295A3C2E006A4588 /* B2BrokerCryptoAssessmentUITestsLaunchTests.swift */ = {isa = PBXFileReference; lastKnownFileType = sourcecode.swift; path = B2BrokerCryptoAssessmentUITestsLaunchTests.swift; sourceTree = "<group>"; };
		AB91A3F5295A3D49006A4588 /* CryptoService.swift */ = {isa = PBXFileReference; fileEncoding = 4; lastKnownFileType = sourcecode.swift; path = CryptoService.swift; sourceTree = "<group>"; };
		AB91A3F6295A3D49006A4588 /* CryptoHttpAgent.swift */ = {isa = PBXFileReference; fileEncoding = 4; lastKnownFileType = sourcecode.swift; path = CryptoHttpAgent.swift; sourceTree = "<group>"; };
		AB91A3FA295A3D85006A4588 /* CryptoModels.swift */ = {isa = PBXFileReference; fileEncoding = 4; lastKnownFileType = sourcecode.swift; path = CryptoModels.swift; sourceTree = "<group>"; };
/* End PBXFileReference section */

/* Begin PBXFrameworksBuildPhase section */
		AB91A3C4295A3C2C006A4588 /* Frameworks */ = {
			isa = PBXFrameworksBuildPhase;
			buildActionMask = 2147483647;
			files = (
			);
			runOnlyForDeploymentPostprocessing = 0;
		};
		AB91A3D4295A3C2D006A4588 /* Frameworks */ = {
			isa = PBXFrameworksBuildPhase;
			buildActionMask = 2147483647;
			files = (
			);
			runOnlyForDeploymentPostprocessing = 0;
		};
		AB91A3DE295A3C2E006A4588 /* Frameworks */ = {
			isa = PBXFrameworksBuildPhase;
			buildActionMask = 2147483647;
			files = (
			);
			runOnlyForDeploymentPostprocessing = 0;
		};
/* End PBXFrameworksBuildPhase section */

/* Begin PBXGroup section */
		AB91A3BE295A3C2C006A4588 = {
			isa = PBXGroup;
			children = (
				AB91A3C9295A3C2C006A4588 /* B2BrokerCryptoAssessment */,
				AB91A3DA295A3C2E006A4588 /* B2BrokerCryptoAssessmentTests */,
				AB91A3E4295A3C2E006A4588 /* B2BrokerCryptoAssessmentUITests */,
				AB91A3C8295A3C2C006A4588 /* Products */,
			);
			sourceTree = "<group>";
		};
		AB91A3C8295A3C2C006A4588 /* Products */ = {
			isa = PBXGroup;
			children = (
				AB91A3C7295A3C2C006A4588 /* B2BrokerCryptoAssessment.app */,
				AB91A3D7295A3C2D006A4588 /* B2BrokerCryptoAssessmentTests.xctest */,
				AB91A3E1295A3C2E006A4588 /* B2BrokerCryptoAssessmentUITests.xctest */,
			);
			name = Products;
			sourceTree = "<group>";
		};
		AB91A3C9295A3C2C006A4588 /* B2BrokerCryptoAssessment */ = {
			isa = PBXGroup;
			children = (
				AB91A3F4295A3D49006A4588 /* NetworkService */,
				AB91A3F9295A3D85006A4588 /* Model */,
				AB91A3CA295A3C2C006A4588 /* B2BrokerCryptoAssessmentApp.swift */,
				AB91A3CC295A3C2C006A4588 /* ContentView.swift */,
				AB91A3CE295A3C2D006A4588 /* Assets.xcassets */,
				AB91A3D0295A3C2D006A4588 /* Preview Content */,
			);
			path = B2BrokerCryptoAssessment;
			sourceTree = "<group>";
		};
		AB91A3D0295A3C2D006A4588 /* Preview Content */ = {
			isa = PBXGroup;
			children = (
				AB91A3D1295A3C2D006A4588 /* Preview Assets.xcassets */,
			);
			path = "Preview Content";
			sourceTree = "<group>";
		};
		AB91A3DA295A3C2E006A4588 /* B2BrokerCryptoAssessmentTests */ = {
			isa = PBXGroup;
			children = (
				AB91A3DB295A3C2E006A4588 /* B2BrokerCryptoAssessmentTests.swift */,
				AB1552C9295B91C90084BC21 /* UnitTestingViewModel.swift */,
			);
			path = B2BrokerCryptoAssessmentTests;
			sourceTree = "<group>";
		};
		AB91A3E4295A3C2E006A4588 /* B2BrokerCryptoAssessmentUITests */ = {
			isa = PBXGroup;
			children = (
				AB91A3E5295A3C2E006A4588 /* B2BrokerCryptoAssessmentUITests.swift */,
				AB91A3E7295A3C2E006A4588 /* B2BrokerCryptoAssessmentUITestsLaunchTests.swift */,
			);
			path = B2BrokerCryptoAssessmentUITests;
			sourceTree = "<group>";
		};
		AB91A3F4295A3D49006A4588 /* NetworkService */ = {
			isa = PBXGroup;
			children = (
				AB91A3F5295A3D49006A4588 /* CryptoService.swift */,
				AB91A3F6295A3D49006A4588 /* CryptoHttpAgent.swift */,
			);
			path = NetworkService;
			sourceTree = "<group>";
		};
		AB91A3F9295A3D85006A4588 /* Model */ = {
			isa = PBXGroup;
			children = (
				AB91A3FA295A3D85006A4588 /* CryptoModels.swift */,
			);
			path = Model;
			sourceTree = "<group>";
		};
/* End PBXGroup section */

/* Begin PBXNativeTarget section */
		AB91A3C6295A3C2C006A4588 /* B2BrokerCryptoAssessment */ = {
			isa = PBXNativeTarget;
			buildConfigurationList = AB91A3EB295A3C2E006A4588 /* Build configuration list for PBXNativeTarget "B2BrokerCryptoAssessment" */;
			buildPhases = (
				AB91A3C3295A3C2C006A4588 /* Sources */,
				AB91A3C4295A3C2C006A4588 /* Frameworks */,
				AB91A3C5295A3C2C006A4588 /* Resources */,
			);
			buildRules = (
			);
			dependencies = (
			);
			name = B2BrokerCryptoAssessment;
			productName = B2BrokerCryptoAssessment;
			productReference = AB91A3C7295A3C2C006A4588 /* B2BrokerCryptoAssessment.app */;
			productType = "com.apple.product-type.application";
		};
		AB91A3D6295A3C2D006A4588 /* B2BrokerCryptoAssessmentTests */ = {
			isa = PBXNativeTarget;
			buildConfigurationList = AB91A3EE295A3C2E006A4588 /* Build configuration list for PBXNativeTarget "B2BrokerCryptoAssessmentTests" */;
			buildPhases = (
				AB91A3D3295A3C2D006A4588 /* Sources */,
				AB91A3D4295A3C2D006A4588 /* Frameworks */,
				AB91A3D5295A3C2D006A4588 /* Resources */,
			);
			buildRules = (
			);
			dependencies = (
				AB91A3D9295A3C2D006A4588 /* PBXTargetDependency */,
			);
			name = B2BrokerCryptoAssessmentTests;
			productName = B2BrokerCryptoAssessmentTests;
			productReference = AB91A3D7295A3C2D006A4588 /* B2BrokerCryptoAssessmentTests.xctest */;
			productType = "com.apple.product-type.bundle.unit-test";
		};
		AB91A3E0295A3C2E006A4588 /* B2BrokerCryptoAssessmentUITests */ = {
			isa = PBXNativeTarget;
			buildConfigurationList = AB91A3F1295A3C2E006A4588 /* Build configuration list for PBXNativeTarget "B2BrokerCryptoAssessmentUITests" */;
			buildPhases = (
				AB91A3DD295A3C2E006A4588 /* Sources */,
				AB91A3DE295A3C2E006A4588 /* Frameworks */,
				AB91A3DF295A3C2E006A4588 /* Resources */,
			);
			buildRules = (
			);
			dependencies = (
				AB91A3E3295A3C2E006A4588 /* PBXTargetDependency */,
			);
			name = B2BrokerCryptoAssessmentUITests;
			productName = B2BrokerCryptoAssessmentUITests;
			productReference = AB91A3E1295A3C2E006A4588 /* B2BrokerCryptoAssessmentUITests.xctest */;
			productType = "com.apple.product-type.bundle.ui-testing";
		};
/* End PBXNativeTarget section */

/* Begin PBXProject section */
		AB91A3BF295A3C2C006A4588 /* Project object */ = {
			isa = PBXProject;
			attributes = {
				BuildIndependentTargetsInParallel = 1;
				LastSwiftUpdateCheck = 1410;
				LastUpgradeCheck = 1410;
				TargetAttributes = {
					AB91A3C6295A3C2C006A4588 = {
						CreatedOnToolsVersion = 14.1;
					};
					AB91A3D6295A3C2D006A4588 = {
						CreatedOnToolsVersion = 14.1;
						TestTargetID = AB91A3C6295A3C2C006A4588;
					};
					AB91A3E0295A3C2E006A4588 = {
						CreatedOnToolsVersion = 14.1;
						TestTargetID = AB91A3C6295A3C2C006A4588;
					};
				};
			};
			buildConfigurationList = AB91A3C2295A3C2C006A4588 /* Build configuration list for PBXProject "B2BrokerCryptoAssessment" */;
			compatibilityVersion = "Xcode 14.0";
			developmentRegion = en;
			hasScannedForEncodings = 0;
			knownRegions = (
				en,
				Base,
			);
			mainGroup = AB91A3BE295A3C2C006A4588;
			productRefGroup = AB91A3C8295A3C2C006A4588 /* Products */;
			projectDirPath = "";
			projectRoot = "";
			targets = (
				AB91A3C6295A3C2C006A4588 /* B2BrokerCryptoAssessment */,
				AB91A3D6295A3C2D006A4588 /* B2BrokerCryptoAssessmentTests */,
				AB91A3E0295A3C2E006A4588 /* B2BrokerCryptoAssessmentUITests */,
			);
		};
/* End PBXProject section */

/* Begin PBXResourcesBuildPhase section */
		AB91A3C5295A3C2C006A4588 /* Resources */ = {
			isa = PBXResourcesBuildPhase;
			buildActionMask = 2147483647;
			files = (
				AB91A3D2295A3C2D006A4588 /* Preview Assets.xcassets in Resources */,
				AB91A3CF295A3C2D006A4588 /* Assets.xcassets in Resources */,
			);
			runOnlyForDeploymentPostprocessing = 0;
		};
		AB91A3D5295A3C2D006A4588 /* Resources */ = {
			isa = PBXResourcesBuildPhase;
			buildActionMask = 2147483647;
			files = (
			);
			runOnlyForDeploymentPostprocessing = 0;
		};
		AB91A3DF295A3C2E006A4588 /* Resources */ = {
			isa = PBXResourcesBuildPhase;
			buildActionMask = 2147483647;
			files = (
			);
			runOnlyForDeploymentPostprocessing = 0;
		};
/* End PBXResourcesBuildPhase section */

/* Begin PBXSourcesBuildPhase section */
		AB91A3C3295A3C2C006A4588 /* Sources */ = {
			isa = PBXSourcesBuildPhase;
			buildActionMask = 2147483647;
			files = (
				AB91A3F8295A3D49006A4588 /* CryptoHttpAgent.swift in Sources */,
				AB91A3CD295A3C2C006A4588 /* ContentView.swift in Sources */,
				AB91A3F7295A3D49006A4588 /* CryptoService.swift in Sources */,
				AB91A3FB295A3D85006A4588 /* CryptoModels.swift in Sources */,
				AB91A3CB295A3C2C006A4588 /* B2BrokerCryptoAssessmentApp.swift in Sources */,
			);
			runOnlyForDeploymentPostprocessing = 0;
		};
		AB91A3D3295A3C2D006A4588 /* Sources */ = {
			isa = PBXSourcesBuildPhase;
			buildActionMask = 2147483647;
			files = (
				AB91A3DC295A3C2E006A4588 /* B2BrokerCryptoAssessmentTests.swift in Sources */,
				AB1552CA295B91C90084BC21 /* UnitTestingViewModel.swift in Sources */,
			);
			runOnlyForDeploymentPostprocessing = 0;
		};
		AB91A3DD295A3C2E006A4588 /* Sources */ = {
			isa = PBXSourcesBuildPhase;
			buildActionMask = 2147483647;
			files = (
				AB91A3E8295A3C2E006A4588 /* B2BrokerCryptoAssessmentUITestsLaunchTests.swift in Sources */,
				AB91A3E6295A3C2E006A4588 /* B2BrokerCryptoAssessmentUITests.swift in Sources */,
			);
			runOnlyForDeploymentPostprocessing = 0;
		};
/* End PBXSourcesBuildPhase section */

/* Begin PBXTargetDependency section */
		AB91A3D9295A3C2D006A4588 /* PBXTargetDependency */ = {
			isa = PBXTargetDependency;
			target = AB91A3C6295A3C2C006A4588 /* B2BrokerCryptoAssessment */;
			targetProxy = AB91A3D8295A3C2D006A4588 /* PBXContainerItemProxy */;
		};
		AB91A3E3295A3C2E006A4588 /* PBXTargetDependency */ = {
			isa = PBXTargetDependency;
			target = AB91A3C6295A3C2C006A4588 /* B2BrokerCryptoAssessment */;
			targetProxy = AB91A3E2295A3C2E006A4588 /* PBXContainerItemProxy */;
		};
/* End PBXTargetDependency section */

/* Begin XCBuildConfiguration section */
		AB91A3E9295A3C2E006A4588 /* Debug */ = {
			isa = XCBuildConfiguration;
			buildSettings = {
				ALWAYS_SEARCH_USER_PATHS = NO;
				CLANG_ANALYZER_NONNULL = YES;
				CLANG_ANALYZER_NUMBER_OBJECT_CONVERSION = YES_AGGRESSIVE;
				CLANG_CXX_LANGUAGE_STANDARD = "gnu++20";
				CLANG_ENABLE_MODULES = YES;
				CLANG_ENABLE_OBJC_ARC = YES;
				CLANG_ENABLE_OBJC_WEAK = YES;
				CLANG_WARN_BLOCK_CAPTURE_AUTORELEASING = YES;
				CLANG_WARN_BOOL_CONVERSION = YES;
				CLANG_WARN_COMMA = YES;
				CLANG_WARN_CONSTANT_CONVERSION = YES;
				CLANG_WARN_DEPRECATED_OBJC_IMPLEMENTATIONS = YES;
				CLANG_WARN_DIRECT_OBJC_ISA_USAGE = YES_ERROR;
				CLANG_WARN_DOCUMENTATION_COMMENTS = YES;
				CLANG_WARN_EMPTY_BODY = YES;
				CLANG_WARN_ENUM_CONVERSION = YES;
				CLANG_WARN_INFINITE_RECURSION = YES;
				CLANG_WARN_INT_CONVERSION = YES;
				CLANG_WARN_NON_LITERAL_NULL_CONVERSION = YES;
				CLANG_WARN_OBJC_IMPLICIT_RETAIN_SELF = YES;
				CLANG_WARN_OBJC_LITERAL_CONVERSION = YES;
				CLANG_WARN_OBJC_ROOT_CLASS = YES_ERROR;
				CLANG_WARN_QUOTED_INCLUDE_IN_FRAMEWORK_HEADER = YES;
				CLANG_WARN_RANGE_LOOP_ANALYSIS = YES;
				CLANG_WARN_STRICT_PROTOTYPES = YES;
				CLANG_WARN_SUSPICIOUS_MOVE = YES;
				CLANG_WARN_UNGUARDED_AVAILABILITY = YES_AGGRESSIVE;
				CLANG_WARN_UNREACHABLE_CODE = YES;
				CLANG_WARN__DUPLICATE_METHOD_MATCH = YES;
				COPY_PHASE_STRIP = NO;
				DEBUG_INFORMATION_FORMAT = dwarf;
				ENABLE_STRICT_OBJC_MSGSEND = YES;
				ENABLE_TESTABILITY = YES;
				GCC_C_LANGUAGE_STANDARD = gnu11;
				GCC_DYNAMIC_NO_PIC = NO;
				GCC_NO_COMMON_BLOCKS = YES;
				GCC_OPTIMIZATION_LEVEL = 0;
				GCC_PREPROCESSOR_DEFINITIONS = (
					"DEBUG=1",
					"$(inherited)",
				);
				GCC_WARN_64_TO_32_BIT_CONVERSION = YES;
				GCC_WARN_ABOUT_RETURN_TYPE = YES_ERROR;
				GCC_WARN_UNDECLARED_SELECTOR = YES;
				GCC_WARN_UNINITIALIZED_AUTOS = YES_AGGRESSIVE;
				GCC_WARN_UNUSED_FUNCTION = YES;
				GCC_WARN_UNUSED_VARIABLE = YES;
				IPHONEOS_DEPLOYMENT_TARGET = 16.1;
				MTL_ENABLE_DEBUG_INFO = INCLUDE_SOURCE;
				MTL_FAST_MATH = YES;
				ONLY_ACTIVE_ARCH = YES;
				SDKROOT = iphoneos;
				SWIFT_ACTIVE_COMPILATION_CONDITIONS = DEBUG;
				SWIFT_OPTIMIZATION_LEVEL = "-Onone";
			};
			name = Debug;
		};
		AB91A3EA295A3C2E006A4588 /* Release */ = {
			isa = XCBuildConfiguration;
			buildSettings = {
				ALWAYS_SEARCH_USER_PATHS = NO;
				CLANG_ANALYZER_NONNULL = YES;
				CLANG_ANALYZER_NUMBER_OBJECT_CONVERSION = YES_AGGRESSIVE;
				CLANG_CXX_LANGUAGE_STANDARD = "gnu++20";
				CLANG_ENABLE_MODULES = YES;
				CLANG_ENABLE_OBJC_ARC = YES;
				CLANG_ENABLE_OBJC_WEAK = YES;
				CLANG_WARN_BLOCK_CAPTURE_AUTORELEASING = YES;
				CLANG_WARN_BOOL_CONVERSION = YES;
				CLANG_WARN_COMMA = YES;
				CLANG_WARN_CONSTANT_CONVERSION = YES;
				CLANG_WARN_DEPRECATED_OBJC_IMPLEMENTATIONS = YES;
				CLANG_WARN_DIRECT_OBJC_ISA_USAGE = YES_ERROR;
				CLANG_WARN_DOCUMENTATION_COMMENTS = YES;
				CLANG_WARN_EMPTY_BODY = YES;
				CLANG_WARN_ENUM_CONVERSION = YES;
				CLANG_WARN_INFINITE_RECURSION = YES;
				CLANG_WARN_INT_CONVERSION = YES;
				CLANG_WARN_NON_LITERAL_NULL_CONVERSION = YES;
				CLANG_WARN_OBJC_IMPLICIT_RETAIN_SELF = YES;
				CLANG_WARN_OBJC_LITERAL_CONVERSION = YES;
				CLANG_WARN_OBJC_ROOT_CLASS = YES_ERROR;
				CLANG_WARN_QUOTED_INCLUDE_IN_FRAMEWORK_HEADER = YES;
				CLANG_WARN_RANGE_LOOP_ANALYSIS = YES;
				CLANG_WARN_STRICT_PROTOTYPES = YES;
				CLANG_WARN_SUSPICIOUS_MOVE = YES;
				CLANG_WARN_UNGUARDED_AVAILABILITY = YES_AGGRESSIVE;
				CLANG_WARN_UNREACHABLE_CODE = YES;
				CLANG_WARN__DUPLICATE_METHOD_MATCH = YES;
				COPY_PHASE_STRIP = NO;
				DEBUG_INFORMATION_FORMAT = "dwarf-with-dsym";
				ENABLE_NS_ASSERTIONS = NO;
				ENABLE_STRICT_OBJC_MSGSEND = YES;
				GCC_C_LANGUAGE_STANDARD = gnu11;
				GCC_NO_COMMON_BLOCKS = YES;
				GCC_WARN_64_TO_32_BIT_CONVERSION = YES;
				GCC_WARN_ABOUT_RETURN_TYPE = YES_ERROR;
				GCC_WARN_UNDECLARED_SELECTOR = YES;
				GCC_WARN_UNINITIALIZED_AUTOS = YES_AGGRESSIVE;
				GCC_WARN_UNUSED_FUNCTION = YES;
				GCC_WARN_UNUSED_VARIABLE = YES;
				IPHONEOS_DEPLOYMENT_TARGET = 16.1;
				MTL_ENABLE_DEBUG_INFO = NO;
				MTL_FAST_MATH = YES;
				SDKROOT = iphoneos;
				SWIFT_COMPILATION_MODE = wholemodule;
				SWIFT_OPTIMIZATION_LEVEL = "-O";
				VALIDATE_PRODUCT = YES;
			};
			name = Release;
		};
		AB91A3EC295A3C2E006A4588 /* Debug */ = {
			isa = XCBuildConfiguration;
			buildSettings = {
				ASSETCATALOG_COMPILER_APPICON_NAME = AppIcon;
				ASSETCATALOG_COMPILER_GLOBAL_ACCENT_COLOR_NAME = AccentColor;
				CODE_SIGN_STYLE = Automatic;
				CURRENT_PROJECT_VERSION = 1;
				DEVELOPMENT_ASSET_PATHS = "\"B2BrokerCryptoAssessment/Preview Content\"";
				ENABLE_PREVIEWS = YES;
				GENERATE_INFOPLIST_FILE = YES;
				INFOPLIST_KEY_UIApplicationSceneManifest_Generation = YES;
				INFOPLIST_KEY_UIApplicationSupportsIndirectInputEvents = YES;
				INFOPLIST_KEY_UILaunchScreen_Generation = YES;
				INFOPLIST_KEY_UISupportedInterfaceOrientations_iPad = "UIInterfaceOrientationPortrait UIInterfaceOrientationPortraitUpsideDown UIInterfaceOrientationLandscapeLeft UIInterfaceOrientationLandscapeRight";
				INFOPLIST_KEY_UISupportedInterfaceOrientations_iPhone = "UIInterfaceOrientationPortrait UIInterfaceOrientationLandscapeLeft UIInterfaceOrientationLandscapeRight";
				LD_RUNPATH_SEARCH_PATHS = (
					"$(inherited)",
					"@executable_path/Frameworks",
				);
				MARKETING_VERSION = 1.0;
				PRODUCT_BUNDLE_IDENTIFIER = Nothing.B2BrokerCryptoAssessment;
				PRODUCT_NAME = "$(TARGET_NAME)";
				SWIFT_EMIT_LOC_STRINGS = YES;
				SWIFT_VERSION = 5.0;
				TARGETED_DEVICE_FAMILY = "1,2";
			};
			name = Debug;
		};
		AB91A3ED295A3C2E006A4588 /* Release */ = {
			isa = XCBuildConfiguration;
			buildSettings = {
				ASSETCATALOG_COMPILER_APPICON_NAME = AppIcon;
				ASSETCATALOG_COMPILER_GLOBAL_ACCENT_COLOR_NAME = AccentColor;
				CODE_SIGN_STYLE = Automatic;
				CURRENT_PROJECT_VERSION = 1;
				DEVELOPMENT_ASSET_PATHS = "\"B2BrokerCryptoAssessment/Preview Content\"";
				ENABLE_PREVIEWS = YES;
				GENERATE_INFOPLIST_FILE = YES;
				INFOPLIST_KEY_UIApplicationSceneManifest_Generation = YES;
				INFOPLIST_KEY_UIApplicationSupportsIndirectInputEvents = YES;
				INFOPLIST_KEY_UILaunchScreen_Generation = YES;
				INFOPLIST_KEY_UISupportedInterfaceOrientations_iPad = "UIInterfaceOrientationPortrait UIInterfaceOrientationPortraitUpsideDown UIInterfaceOrientationLandscapeLeft UIInterfaceOrientationLandscapeRight";
				INFOPLIST_KEY_UISupportedInterfaceOrientations_iPhone = "UIInterfaceOrientationPortrait UIInterfaceOrientationLandscapeLeft UIInterfaceOrientationLandscapeRight";
				LD_RUNPATH_SEARCH_PATHS = (
					"$(inherited)",
					"@executable_path/Frameworks",
				);
				MARKETING_VERSION = 1.0;
				PRODUCT_BUNDLE_IDENTIFIER = Nothing.B2BrokerCryptoAssessment;
				PRODUCT_NAME = "$(TARGET_NAME)";
				SWIFT_EMIT_LOC_STRINGS = YES;
				SWIFT_VERSION = 5.0;
				TARGETED_DEVICE_FAMILY = "1,2";
			};
			name = Release;
		};
		AB91A3EF295A3C2E006A4588 /* Debug */ = {
			isa = XCBuildConfiguration;
			buildSettings = {
				ALWAYS_EMBED_SWIFT_STANDARD_LIBRARIES = YES;
				BUNDLE_LOADER = "$(TEST_HOST)";
				CODE_SIGN_STYLE = Automatic;
				CURRENT_PROJECT_VERSION = 1;
				GENERATE_INFOPLIST_FILE = YES;
				IPHONEOS_DEPLOYMENT_TARGET = 16.1;
				MARKETING_VERSION = 1.0;
				PRODUCT_BUNDLE_IDENTIFIER = Nothing.B2BrokerCryptoAssessmentTests;
				PRODUCT_NAME = "$(TARGET_NAME)";
				SWIFT_EMIT_LOC_STRINGS = NO;
				SWIFT_VERSION = 5.0;
				TARGETED_DEVICE_FAMILY = "1,2";
				TEST_HOST = "$(BUILT_PRODUCTS_DIR)/B2BrokerCryptoAssessment.app/$(BUNDLE_EXECUTABLE_FOLDER_PATH)/B2BrokerCryptoAssessment";
			};
			name = Debug;
		};
		AB91A3F0295A3C2E006A4588 /* Release */ = {
			isa = XCBuildConfiguration;
			buildSettings = {
				ALWAYS_EMBED_SWIFT_STANDARD_LIBRARIES = YES;
				BUNDLE_LOADER = "$(TEST_HOST)";
				CODE_SIGN_STYLE = Automatic;
				CURRENT_PROJECT_VERSION = 1;
				GENERATE_INFOPLIST_FILE = YES;
				IPHONEOS_DEPLOYMENT_TARGET = 16.1;
				MARKETING_VERSION = 1.0;
				PRODUCT_BUNDLE_IDENTIFIER = Nothing.B2BrokerCryptoAssessmentTests;
				PRODUCT_NAME = "$(TARGET_NAME)";
				SWIFT_EMIT_LOC_STRINGS = NO;
				SWIFT_VERSION = 5.0;
				TARGETED_DEVICE_FAMILY = "1,2";
				TEST_HOST = "$(BUILT_PRODUCTS_DIR)/B2BrokerCryptoAssessment.app/$(BUNDLE_EXECUTABLE_FOLDER_PATH)/B2BrokerCryptoAssessment";
			};
			name = Release;
		};
		AB91A3F2295A3C2E006A4588 /* Debug */ = {
			isa = XCBuildConfiguration;
			buildSettings = {
				ALWAYS_EMBED_SWIFT_STANDARD_LIBRARIES = YES;
				CODE_SIGN_STYLE = Automatic;
				CURRENT_PROJECT_VERSION = 1;
				GENERATE_INFOPLIST_FILE = YES;
				MARKETING_VERSION = 1.0;
				PRODUCT_BUNDLE_IDENTIFIER = Nothing.B2BrokerCryptoAssessmentUITests;
				PRODUCT_NAME = "$(TARGET_NAME)";
				SWIFT_EMIT_LOC_STRINGS = NO;
				SWIFT_VERSION = 5.0;
				TARGETED_DEVICE_FAMILY = "1,2";
				TEST_TARGET_NAME = B2BrokerCryptoAssessment;
			};
			name = Debug;
		};
		AB91A3F3295A3C2E006A4588 /* Release */ = {
			isa = XCBuildConfiguration;
			buildSettings = {
				ALWAYS_EMBED_SWIFT_STANDARD_LIBRARIES = YES;
				CODE_SIGN_STYLE = Automatic;
				CURRENT_PROJECT_VERSION = 1;
				GENERATE_INFOPLIST_FILE = YES;
				MARKETING_VERSION = 1.0;
				PRODUCT_BUNDLE_IDENTIFIER = Nothing.B2BrokerCryptoAssessmentUITests;
				PRODUCT_NAME = "$(TARGET_NAME)";
				SWIFT_EMIT_LOC_STRINGS = NO;
				SWIFT_VERSION = 5.0;
				TARGETED_DEVICE_FAMILY = "1,2";
				TEST_TARGET_NAME = B2BrokerCryptoAssessment;
			};
			name = Release;
		};
/* End XCBuildConfiguration section */

/* Begin XCConfigurationList section */
		AB91A3C2295A3C2C006A4588 /* Build configuration list for PBXProject "B2BrokerCryptoAssessment" */ = {
			isa = XCConfigurationList;
			buildConfigurations = (
				AB91A3E9295A3C2E006A4588 /* Debug */,
				AB91A3EA295A3C2E006A4588 /* Release */,
			);
			defaultConfigurationIsVisible = 0;
			defaultConfigurationName = Release;
		};
		AB91A3EB295A3C2E006A4588 /* Build configuration list for PBXNativeTarget "B2BrokerCryptoAssessment" */ = {
			isa = XCConfigurationList;
			buildConfigurations = (
				AB91A3EC295A3C2E006A4588 /* Debug */,
				AB91A3ED295A3C2E006A4588 /* Release */,
			);
			defaultConfigurationIsVisible = 0;
			defaultConfigurationName = Release;
		};
		AB91A3EE295A3C2E006A4588 /* Build configuration list for PBXNativeTarget "B2BrokerCryptoAssessmentTests" */ = {
			isa = XCConfigurationList;
			buildConfigurations = (
				AB91A3EF295A3C2E006A4588 /* Debug */,
				AB91A3F0295A3C2E006A4588 /* Release */,
			);
			defaultConfigurationIsVisible = 0;
			defaultConfigurationName = Release;
		};
		AB91A3F1295A3C2E006A4588 /* Build configuration list for PBXNativeTarget "B2BrokerCryptoAssessmentUITests" */ = {
			isa = XCConfigurationList;
			buildConfigurations = (
				AB91A3F2295A3C2E006A4588 /* Debug */,
				AB91A3F3295A3C2E006A4588 /* Release */,
			);
			defaultConfigurationIsVisible = 0;
			defaultConfigurationName = Release;
		};
/* End XCConfigurationList section */
	};
	rootObject = AB91A3BF295A3C2C006A4588 /* Project object */;
}
